
Microsoft Visual Studio Solution File, Format Version 12.00
# Visual Studio 15
Project("{FAE04EC0-301F-11D3-BF4B-00C04F79EFBC}") = "Unity.XR.Interaction.Toolkit.Samples.StarterAssets", "Unity.XR.Interaction.Toolkit.Samples.StarterAssets.csproj", "{F8ECFC51-6F86-BABA-9CA8-7078FC7F2865}"
EndProject
Project("{FAE04EC0-301F-11D3-BF4B-00C04F79EFBC}") = "Assembly-CSharp", "Assembly-CSharp.csproj", "{CFF5C7E8-9848-6625-6592-F929234808B1}"
EndProject
Project("{FAE04EC0-301F-11D3-BF4B-00C04F79EFBC}") = "Unity.XR.Interaction.Toolkit.Samples.ARStarterAssets", "Unity.XR.Interaction.Toolkit.Samples.ARStarterAssets.csproj", "{B9090301-E664-91A6-38F8-42845DF8E20C}"
EndProject
Project("{FAE04EC0-301F-11D3-BF4B-00C04F79EFBC}") = "Unity.XR.Interaction.Toolkit.Samples.StarterAssets.Editor", "Unity.XR.Interaction.Toolkit.Samples.StarterAssets.Editor.csproj", "{C223EA42-6C7A-204E-8D7F-D2C553C7F37C}"
EndProject
Project("{FAE04EC0-301F-11D3-BF4B-00C04F79EFBC}") = "Unity.XR.Interaction.Toolkit.Samples.ARStarterAssets.Editor", "Unity.XR.Interaction.Toolkit.Samples.ARStarterAssets.Editor.csproj", "{187E85C3-F73A-0D99-3B5C-670884CECEA9}"
EndProject
Global
	GlobalSection(SolutionConfigurationPlatforms) = preSolution
		Debug|Any CPU = Debug|Any CPU
		Release|Any CPU = Release|Any CPU
	EndGlobalSection
	GlobalSection(ProjectConfigurationPlatforms) = postSolution
		{F8ECFC51-6F86-BABA-9CA8-7078FC7F2865}.Debug|Any CPU.ActiveCfg = Debug|Any CPU
		{F8ECFC51-6F86-BABA-9CA8-7078FC7F2865}.Debug|Any CPU.Build.0 = Debug|Any CPU
		{F8ECFC51-6F86-BABA-9CA8-7078FC7F2865}.Release|Any CPU.ActiveCfg = Release|Any CPU
		{F8ECFC51-6F86-BABA-9CA8-7078FC7F2865}.Release|Any CPU.Build.0 = Release|Any CPU
		{CFF5C7E8-9848-6625-6592-F929234808B1}.Debug|Any CPU.ActiveCfg = Debug|Any CPU
		{CFF5C7E8-9848-6625-6592-F929234808B1}.Debug|Any CPU.Build.0 = Debug|Any CPU
		{CFF5C7E8-9848-6625-6592-F929234808B1}.Release|Any CPU.ActiveCfg = Release|Any CPU
		{CFF5C7E8-9848-6625-6592-F929234808B1}.Release|Any CPU.Build.0 = Release|Any CPU
		{B9090301-E664-91A6-38F8-42845DF8E20C}.Debug|Any CPU.ActiveCfg = Debug|Any CPU
		{B9090301-E664-91A6-38F8-42845DF8E20C}.Debug|Any CPU.Build.0 = Debug|Any CPU
		{B9090301-E664-91A6-38F8-42845DF8E20C}.Release|Any CPU.ActiveCfg = Release|Any CPU
		{B9090301-E664-91A6-38F8-42845DF8E20C}.Release|Any CPU.Build.0 = Release|Any CPU
		{C223EA42-6C7A-204E-8D7F-D2C553C7F37C}.Debug|Any CPU.ActiveCfg = Debug|Any CPU
		{C223EA42-6C7A-204E-8D7F-D2C553C7F37C}.Debug|Any CPU.Build.0 = Debug|Any CPU
		{C223EA42-6C7A-204E-8D7F-D2C553C7F37C}.Release|Any CPU.ActiveCfg = Release|Any CPU
		{C223EA42-6C7A-204E-8D7F-D2C553C7F37C}.Release|Any CPU.Build.0 = Release|Any CPU
		{187E85C3-F73A-0D99-3B5C-670884CECEA9}.Debug|Any CPU.ActiveCfg = Debug|Any CPU
		{187E85C3-F73A-0D99-3B5C-670884CECEA9}.Debug|Any CPU.Build.0 = Debug|Any CPU
		{187E85C3-F73A-0D99-3B5C-670884CECEA9}.Release|Any CPU.ActiveCfg = Release|Any CPU
		{187E85C3-F73A-0D99-3B5C-670884CECEA9}.Release|Any CPU.Build.0 = Release|Any CPU
	EndGlobalSection
	GlobalSection(SolutionProperties) = preSolution
		HideSolutionNode = FALSE
	EndGlobalSection
EndGlobal
